
Microsoft Visual Studio Solution File, Format Version 12.00
# Visual Studio Version 17
VisualStudioVersion = 17.5.002.0
MinimumVisualStudioVersion = 10.0.40219.1
Project("{9A19103F-16F7-4668-BE54-9A1E7A4F7556}") = "MVC", "MVC\MVC.csproj", "{9BB9217B-DA81-4E76-A43A-5FD3B5BD979A}"
EndProject
Project("{9A19103F-16F7-4668-BE54-9A1E7A4F7556}") = "NewApp", "NewApp\NewApp.csproj", "{A1FC8CFE-D877-4B25-9799-BF36797E6FF8}"
EndProject
Global
	GlobalSection(SolutionConfigurationPlatforms) = preSolution
		Debug|Any CPU = Debug|Any CPU
		Release|Any CPU = Release|Any CPU
	EndGlobalSection
	GlobalSection(ProjectConfigurationPlatforms) = postSolution
		{9BB9217B-DA81-4E76-A43A-5FD3B5BD979A}.Debug|Any CPU.ActiveCfg = Debug|Any CPU
		{9BB9217B-DA81-4E76-A43A-5FD3B5BD979A}.Debug|Any CPU.Build.0 = Debug|Any CPU
		{9BB9217B-DA81-4E76-A43A-5FD3B5BD979A}.Release|Any CPU.ActiveCfg = Release|Any CPU
		{9BB9217B-DA81-4E76-A43A-5FD3B5BD979A}.Release|Any CPU.Build.0 = Release|Any CPU
		{A1FC8CFE-D877-4B25-9799-BF36797E6FF8}.Debug|Any CPU.ActiveCfg = Debug|Any CPU
		{A1FC8CFE-D877-4B25-9799-BF36797E6FF8}.Debug|Any CPU.Build.0 = Debug|Any CPU
		{A1FC8CFE-D877-4B25-9799-BF36797E6FF8}.Release|Any CPU.ActiveCfg = Release|Any CPU
		{A1FC8CFE-D877-4B25-9799-BF36797E6FF8}.Release|Any CPU.Build.0 = Release|Any CPU
	EndGlobalSection
	GlobalSection(SolutionProperties) = preSolution
		HideSolutionNode = FALSE
	EndGlobalSection
	GlobalSection(ExtensibilityGlobals) = postSolution
		SolutionGuid = {F5446BB9-5A2F-4297-B08B-F38C47677777}
	EndGlobalSection
EndGlobal
